
Microsoft Visual Studio Solution File, Format Version 12.00
# Visual Studio Version 17
VisualStudioVersion = 17.7.34221.43
MinimumVisualStudioVersion = 10.0.40219.1
Project("{888888A0-9F3D-457C-B088-3A5042F75D52}") = "FracturedMap", "FracturedMap\FracturedMap.pyproj", "{42C3C7DD-C6FE-4313-80E2-060F6D327F1E}"
EndProject
Global
	GlobalSection(SolutionConfigurationPlatforms) = preSolution
		Debug|Any CPU = Debug|Any CPU
		Release|Any CPU = Release|Any CPU
	EndGlobalSection
	GlobalSection(ProjectConfigurationPlatforms) = postSolution
		{42C3C7DD-C6FE-4313-80E2-060F6D327F1E}.Debug|Any CPU.ActiveCfg = Debug|Any CPU
		{42C3C7DD-C6FE-4313-80E2-060F6D327F1E}.Release|Any CPU.ActiveCfg = Release|Any CPU
	EndGlobalSection
	GlobalSection(SolutionProperties) = preSolution
		HideSolutionNode = FALSE
	EndGlobalSection
	GlobalSection(ExtensibilityGlobals) = postSolution
		SolutionGuid = {132BD0A8-6E34-4E15-BEC1-9091E4DBCC5C}
	EndGlobalSection
EndGlobal
